
Microsoft Visual Studio Solution File, Format Version 12.00
# Visual Studio Version 16
VisualStudioVersion = 16.0.29102.190
MinimumVisualStudioVersion = 10.0.40219.1
Project("{FAE04EC0-301F-11D3-BF4B-00C04F79EFBC}") = "AddressBook", "AddressBook\AddressBook.csproj", "{263DB71E-2237-4B84-A927-AB30D4D48B7D}"
EndProject
Global
	GlobalSection(SolutionConfigurationPlatforms) = preSolution
		Debug|Any CPU = Debug|Any CPU
		Release|Any CPU = Release|Any CPU
	EndGlobalSection
	GlobalSection(ProjectConfigurationPlatforms) = postSolution
		{263DB71E-2237-4B84-A927-AB30D4D48B7D}.Debug|Any CPU.ActiveCfg = Debug|Any CPU
		{263DB71E-2237-4B84-A927-AB30D4D48B7D}.Debug|Any CPU.Build.0 = Debug|Any CPU
		{263DB71E-2237-4B84-A927-AB30D4D48B7D}.Release|Any CPU.ActiveCfg = Release|Any CPU
		{263DB71E-2237-4B84-A927-AB30D4D48B7D}.Release|Any CPU.Build.0 = Release|Any CPU
	EndGlobalSection
	GlobalSection(SolutionProperties) = preSolution
		HideSolutionNode = FALSE
	EndGlobalSection
	GlobalSection(ExtensibilityGlobals) = postSolution
		SolutionGuid = {94467DA4-5254-4B5B-890C-599DB0D53024}
	EndGlobalSection
EndGlobal
